<?xml version="1.0" encoding="UTF-8" standalone="yes" ?>
<CodeBlocks_project_file>
	<FileVersion major="1" minor="6" />
	<Project>
		<Option title="DACs" />
		<Option pch_mode="2" />
		<Option compiler="gcc" />
		<Build>
			<Target title="Debug">
				<Option output="bin/Debug/DACs" prefix_auto="1" extension_auto="1" />
				<Option object_output="obj/Debug/" />
				<Option type="1" />
				<Option compiler="gcc" />
				<Compiler>
					<Add option="-g" />
				</Compiler>
			</Target>
			<Target title="Release">
				<Option output="bin/Release/DACs" prefix_auto="1" extension_auto="1" />
				<Option object_output="obj/Release/" />
				<Option type="1" />
				<Option compiler="gcc" />
				<Compiler>
					<Add option="-O2" />
				</Compiler>
				<Linker>
					<Add option="-s" />
				</Linker>
			</Target>
		</Build>
		<Compiler>
			<Add option="-Wall" />
		</Compiler>
		<Unit filename="src/basics.c">
			<Option compilerVar="CC" />
		</Unit>
		<Unit filename="src/basics.h" />
		<Unit filename="src/bitrankw32int.c">
			<Option compilerVar="CC" />
		</Unit>
		<Unit filename="src/bitrankw32int.h" />
		<Unit filename="src/constants.h" />
		<Unit filename="src/dacs.c">
			<Option compilerVar="CC" />
		</Unit>
		<Unit filename="src/dacs.h" />
		<Unit filename="src/test.c">
			<Option compilerVar="CC" />
		</Unit>
		<Unit filename="src/testaccess.c">
			<Option compilerVar="CC" />
		</Unit>
		<Unit filename="src/testdecompress.c">
			<Option compilerVar="CC" />
		</Unit>
		<Extensions>
			<lib_finder disable_auto="1" />
		</Extensions>
	</Project>
</CodeBlocks_project_file>
